{
  "name": "pwa-vue",
  "version": "1.0.0",
  "lockfileVersion": 1,
  "requires": true,
  "dependencies": {
    "xiaozhu": {
      "version": "2019.9.3001",
      "resolved": "https://registry.npmjs.org/xiaozhu/-/xiaozhu-2019.9.3001.tgz",
      "integrity": "sha512-v/Lq9Pp+sZD5jkPJjB4Hf94Xvvs1cr3eTI+w7lI+lkbAlPB/m0dGsRmY+jHejyOWJNIDs2W6Ce0ow7s7yHrUig=="
    }
  }
}
